
Microsoft Visual Studio Solution File, Format Version 12.00
# Visual Studio 14
VisualStudioVersion = 14.0.25420.1
MinimumVisualStudioVersion = 10.0.40219.1
Project("{FAE04EC0-301F-11D3-BF4B-00C04F79EFBC}") = "Recollect", "Recollect\Recollect.csproj", "{DB0E4A09-1AF4-4897-8AC0-BBDDA72C7F39}"
EndProject
Project("{FAE04EC0-301F-11D3-BF4B-00C04F79EFBC}") = "Recollect.Tests", "Recollect.Tests\Recollect.Tests.csproj", "{98221F34-EF11-4823-BFC5-D9F8DC67AC11}"
EndProject
Global
	GlobalSection(SolutionConfigurationPlatforms) = preSolution
		Debug|Any CPU = Debug|Any CPU
		Release|Any CPU = Release|Any CPU
	EndGlobalSection
	GlobalSection(ProjectConfigurationPlatforms) = postSolution
		{DB0E4A09-1AF4-4897-8AC0-BBDDA72C7F39}.Debug|Any CPU.ActiveCfg = Debug|Any CPU
		{DB0E4A09-1AF4-4897-8AC0-BBDDA72C7F39}.Debug|Any CPU.Build.0 = Debug|Any CPU
		{DB0E4A09-1AF4-4897-8AC0-BBDDA72C7F39}.Release|Any CPU.ActiveCfg = Release|Any CPU
		{DB0E4A09-1AF4-4897-8AC0-BBDDA72C7F39}.Release|Any CPU.Build.0 = Release|Any CPU
		{98221F34-EF11-4823-BFC5-D9F8DC67AC11}.Debug|Any CPU.ActiveCfg = Debug|Any CPU
		{98221F34-EF11-4823-BFC5-D9F8DC67AC11}.Debug|Any CPU.Build.0 = Debug|Any CPU
		{98221F34-EF11-4823-BFC5-D9F8DC67AC11}.Release|Any CPU.ActiveCfg = Release|Any CPU
		{98221F34-EF11-4823-BFC5-D9F8DC67AC11}.Release|Any CPU.Build.0 = Release|Any CPU
	EndGlobalSection
	GlobalSection(SolutionProperties) = preSolution
		HideSolutionNode = FALSE
	EndGlobalSection
EndGlobal
